
Microsoft Visual Studio Solution File, Format Version 12.00
# Visual Studio 14
VisualStudioVersion = 14.0.24720.0
MinimumVisualStudioVersion = 10.0.40219.1
Project("{FAE04EC0-301F-11D3-BF4B-00C04F79EFBC}") = "Core", "Microsoft.WindowsAPICodePack.Core\Core.csproj", "{2E1FB0DF-F9BB-4909-9F32-2D9D022A8E57}"
EndProject
Project("{FAE04EC0-301F-11D3-BF4B-00C04F79EFBC}") = "ExtendedLinguisticServices", "Microsoft.WindowsAPICodePack.ExtendedLinguisticServices\ExtendedLinguisticServices.csproj", "{B2CE24B7-FC5D-49AC-806F-1D88F78A31E9}"
EndProject
Project("{FAE04EC0-301F-11D3-BF4B-00C04F79EFBC}") = "Sensors", "Microsoft.WindowsAPICodePack.Sensors\Sensors.csproj", "{31421787-1A3C-427C-A8AD-C7E2561B2956}"
EndProject
Project("{2150E333-8FDC-42A3-9474-1A3956D46DE8}") = "Microsoft.WindowsAPICodePack", "Microsoft.WindowsAPICodePack", "{3FF6D105-B7B7-4CC7-B256-BD3761478C4F}"
EndProject
Project("{FAE04EC0-301F-11D3-BF4B-00C04F79EFBC}") = "Shell", "Microsoft.WindowsAPICodePack.Shell\Shell.csproj", "{AA0C00CB-8699-4F37-BFAE-40CA87ACC06D}"
EndProject
Project("{FAE04EC0-301F-11D3-BF4B-00C04F79EFBC}") = "ShellExtensions", "Microsoft.WindowsAPICodePack.ShellExtensions\ShellExtensions.csproj", "{F3C863EC-33F4-4ED2-9D67-00BF3EEEAB64}"
EndProject
Project("{FAE04EC0-301F-11D3-BF4B-00C04F79EFBC}") = "EnhanceForm", "EnhanceForm\EnhanceForm.csproj", "{D76DB67E-E097-4F4D-898F-B9766A0E1C87}"
EndProject
Project("{FAE04EC0-301F-11D3-BF4B-00C04F79EFBC}") = "EnhanceFormTest", "EnhanceFormTest\EnhanceFormTest.csproj", "{91214255-D1F8-4658-B431-B5BA4E7E73D3}"
EndProject
Project("{2150E333-8FDC-42A3-9474-1A3956D46DE8}") = "Solution Items", "Solution Items", "{AC8873BA-CD2C-4424-9421-36D37E000C17}"
	ProjectSection(SolutionItems) = preProject
		LICENSE = LICENSE
	EndProjectSection
EndProject
Global
	GlobalSection(SolutionConfigurationPlatforms) = preSolution
		CodeAnalysisDebug|Any CPU = CodeAnalysisDebug|Any CPU
		CodeAnalysisDebug|x64 = CodeAnalysisDebug|x64
		CodeAnalysisDebug|x86 = CodeAnalysisDebug|x86
		Debug|Any CPU = Debug|Any CPU
		Debug|x64 = Debug|x64
		Debug|x86 = Debug|x86
		Release|Any CPU = Release|Any CPU
		Release|x64 = Release|x64
		Release|x86 = Release|x86
	EndGlobalSection
	GlobalSection(ProjectConfigurationPlatforms) = postSolution
		{2E1FB0DF-F9BB-4909-9F32-2D9D022A8E57}.CodeAnalysisDebug|Any CPU.ActiveCfg = Debug|Any CPU
		{2E1FB0DF-F9BB-4909-9F32-2D9D022A8E57}.CodeAnalysisDebug|Any CPU.Build.0 = Debug|Any CPU
		{2E1FB0DF-F9BB-4909-9F32-2D9D022A8E57}.CodeAnalysisDebug|x64.ActiveCfg = Debug|x64
		{2E1FB0DF-F9BB-4909-9F32-2D9D022A8E57}.CodeAnalysisDebug|x64.Build.0 = Debug|x64
		{2E1FB0DF-F9BB-4909-9F32-2D9D022A8E57}.CodeAnalysisDebug|x86.ActiveCfg = Debug|x86
		{2E1FB0DF-F9BB-4909-9F32-2D9D022A8E57}.CodeAnalysisDebug|x86.Build.0 = Debug|x86
		{2E1FB0DF-F9BB-4909-9F32-2D9D022A8E57}.Debug|Any CPU.ActiveCfg = Debug|Any CPU
		{2E1FB0DF-F9BB-4909-9F32-2D9D022A8E57}.Debug|Any CPU.Build.0 = Debug|Any CPU
		{2E1FB0DF-F9BB-4909-9F32-2D9D022A8E57}.Debug|x64.ActiveCfg = Debug|x64
		{2E1FB0DF-F9BB-4909-9F32-2D9D022A8E57}.Debug|x64.Build.0 = Debug|x64
		{2E1FB0DF-F9BB-4909-9F32-2D9D022A8E57}.Debug|x86.ActiveCfg = Debug|x86
		{2E1FB0DF-F9BB-4909-9F32-2D9D022A8E57}.Debug|x86.Build.0 = Debug|x86
		{2E1FB0DF-F9BB-4909-9F32-2D9D022A8E57}.Release|Any CPU.ActiveCfg = Release|Any CPU
		{2E1FB0DF-F9BB-4909-9F32-2D9D022A8E57}.Release|Any CPU.Build.0 = Release|Any CPU
		{2E1FB0DF-F9BB-4909-9F32-2D9D022A8E57}.Release|x64.ActiveCfg = Release|x64
		{2E1FB0DF-F9BB-4909-9F32-2D9D022A8E57}.Release|x64.Build.0 = Release|x64
		{2E1FB0DF-F9BB-4909-9F32-2D9D022A8E57}.Release|x86.ActiveCfg = Release|x86
		{2E1FB0DF-F9BB-4909-9F32-2D9D022A8E57}.Release|x86.Build.0 = Release|x86
		{B2CE24B7-FC5D-49AC-806F-1D88F78A31E9}.CodeAnalysisDebug|Any CPU.ActiveCfg = Debug|Any CPU
		{B2CE24B7-FC5D-49AC-806F-1D88F78A31E9}.CodeAnalysisDebug|Any CPU.Build.0 = Debug|Any CPU
		{B2CE24B7-FC5D-49AC-806F-1D88F78A31E9}.CodeAnalysisDebug|x64.ActiveCfg = Debug|Any CPU
		{B2CE24B7-FC5D-49AC-806F-1D88F78A31E9}.CodeAnalysisDebug|x64.Build.0 = Debug|Any CPU
		{B2CE24B7-FC5D-49AC-806F-1D88F78A31E9}.CodeAnalysisDebug|x86.ActiveCfg = Debug|x86
		{B2CE24B7-FC5D-49AC-806F-1D88F78A31E9}.CodeAnalysisDebug|x86.Build.0 = Debug|x86
		{B2CE24B7-FC5D-49AC-806F-1D88F78A31E9}.Debug|Any CPU.ActiveCfg = Debug|Any CPU
		{B2CE24B7-FC5D-49AC-806F-1D88F78A31E9}.Debug|Any CPU.Build.0 = Debug|Any CPU
		{B2CE24B7-FC5D-49AC-806F-1D88F78A31E9}.Debug|x64.ActiveCfg = Debug|Any CPU
		{B2CE24B7-FC5D-49AC-806F-1D88F78A31E9}.Debug|x64.Build.0 = Debug|Any CPU
		{B2CE24B7-FC5D-49AC-806F-1D88F78A31E9}.Debug|x86.ActiveCfg = Debug|x86
		{B2CE24B7-FC5D-49AC-806F-1D88F78A31E9}.Debug|x86.Build.0 = Debug|x86
		{B2CE24B7-FC5D-49AC-806F-1D88F78A31E9}.Release|Any CPU.ActiveCfg = Release|Any CPU
		{B2CE24B7-FC5D-49AC-806F-1D88F78A31E9}.Release|Any CPU.Build.0 = Release|Any CPU
		{B2CE24B7-FC5D-49AC-806F-1D88F78A31E9}.Release|x64.ActiveCfg = Release|Any CPU
		{B2CE24B7-FC5D-49AC-806F-1D88F78A31E9}.Release|x64.Build.0 = Release|Any CPU
		{B2CE24B7-FC5D-49AC-806F-1D88F78A31E9}.Release|x86.ActiveCfg = Release|x86
		{B2CE24B7-FC5D-49AC-806F-1D88F78A31E9}.Release|x86.Build.0 = Release|x86
		{31421787-1A3C-427C-A8AD-C7E2561B2956}.CodeAnalysisDebug|Any CPU.ActiveCfg = Debug|Any CPU
		{31421787-1A3C-427C-A8AD-C7E2561B2956}.CodeAnalysisDebug|Any CPU.Build.0 = Debug|Any CPU
		{31421787-1A3C-427C-A8AD-C7E2561B2956}.CodeAnalysisDebug|x64.ActiveCfg = Debug|Any CPU
		{31421787-1A3C-427C-A8AD-C7E2561B2956}.CodeAnalysisDebug|x64.Build.0 = Debug|Any CPU
		{31421787-1A3C-427C-A8AD-C7E2561B2956}.CodeAnalysisDebug|x86.ActiveCfg = Debug|x86
		{31421787-1A3C-427C-A8AD-C7E2561B2956}.CodeAnalysisDebug|x86.Build.0 = Debug|x86
		{31421787-1A3C-427C-A8AD-C7E2561B2956}.Debug|Any CPU.ActiveCfg = Debug|Any CPU
		{31421787-1A3C-427C-A8AD-C7E2561B2956}.Debug|Any CPU.Build.0 = Debug|Any CPU
		{31421787-1A3C-427C-A8AD-C7E2561B2956}.Debug|x64.ActiveCfg = Debug|Any CPU
		{31421787-1A3C-427C-A8AD-C7E2561B2956}.Debug|x64.Build.0 = Debug|Any CPU
		{31421787-1A3C-427C-A8AD-C7E2561B2956}.Debug|x86.ActiveCfg = Debug|x86
		{31421787-1A3C-427C-A8AD-C7E2561B2956}.Debug|x86.Build.0 = Debug|x86
		{31421787-1A3C-427C-A8AD-C7E2561B2956}.Release|Any CPU.ActiveCfg = Release|Any CPU
		{31421787-1A3C-427C-A8AD-C7E2561B2956}.Release|Any CPU.Build.0 = Release|Any CPU
		{31421787-1A3C-427C-A8AD-C7E2561B2956}.Release|x64.ActiveCfg = Release|Any CPU
		{31421787-1A3C-427C-A8AD-C7E2561B2956}.Release|x64.Build.0 = Release|Any CPU
		{31421787-1A3C-427C-A8AD-C7E2561B2956}.Release|x86.ActiveCfg = Release|x86
		{31421787-1A3C-427C-A8AD-C7E2561B2956}.Release|x86.Build.0 = Release|x86
		{AA0C00CB-8699-4F37-BFAE-40CA87ACC06D}.CodeAnalysisDebug|Any CPU.ActiveCfg = CodeAnalysisDebug|Any CPU
		{AA0C00CB-8699-4F37-BFAE-40CA87ACC06D}.CodeAnalysisDebug|Any CPU.Build.0 = CodeAnalysisDebug|Any CPU
		{AA0C00CB-8699-4F37-BFAE-40CA87ACC06D}.CodeAnalysisDebug|x64.ActiveCfg = CodeAnalysisDebug|x64
		{AA0C00CB-8699-4F37-BFAE-40CA87ACC06D}.CodeAnalysisDebug|x64.Build.0 = CodeAnalysisDebug|x64
		{AA0C00CB-8699-4F37-BFAE-40CA87ACC06D}.CodeAnalysisDebug|x86.ActiveCfg = CodeAnalysisDebug|x86
		{AA0C00CB-8699-4F37-BFAE-40CA87ACC06D}.CodeAnalysisDebug|x86.Build.0 = CodeAnalysisDebug|x86
		{AA0C00CB-8699-4F37-BFAE-40CA87ACC06D}.Debug|Any CPU.ActiveCfg = Debug|Any CPU
		{AA0C00CB-8699-4F37-BFAE-40CA87ACC06D}.Debug|Any CPU.Build.0 = Debug|Any CPU
		{AA0C00CB-8699-4F37-BFAE-40CA87ACC06D}.Debug|x64.ActiveCfg = Debug|x64
		{AA0C00CB-8699-4F37-BFAE-40CA87ACC06D}.Debug|x64.Build.0 = Debug|x64
		{AA0C00CB-8699-4F37-BFAE-40CA87ACC06D}.Debug|x86.ActiveCfg = Debug|x86
		{AA0C00CB-8699-4F37-BFAE-40CA87ACC06D}.Debug|x86.Build.0 = Debug|x86
		{AA0C00CB-8699-4F37-BFAE-40CA87ACC06D}.Release|Any CPU.ActiveCfg = Release|Any CPU
		{AA0C00CB-8699-4F37-BFAE-40CA87ACC06D}.Release|Any CPU.Build.0 = Release|Any CPU
		{AA0C00CB-8699-4F37-BFAE-40CA87ACC06D}.Release|x64.ActiveCfg = Release|x64
		{AA0C00CB-8699-4F37-BFAE-40CA87ACC06D}.Release|x64.Build.0 = Release|x64
		{AA0C00CB-8699-4F37-BFAE-40CA87ACC06D}.Release|x86.ActiveCfg = Release|x86
		{AA0C00CB-8699-4F37-BFAE-40CA87ACC06D}.Release|x86.Build.0 = Release|x86
		{F3C863EC-33F4-4ED2-9D67-00BF3EEEAB64}.CodeAnalysisDebug|Any CPU.ActiveCfg = Debug|Any CPU
		{F3C863EC-33F4-4ED2-9D67-00BF3EEEAB64}.CodeAnalysisDebug|Any CPU.Build.0 = Debug|Any CPU
		{F3C863EC-33F4-4ED2-9D67-00BF3EEEAB64}.CodeAnalysisDebug|x64.ActiveCfg = Debug|x64
		{F3C863EC-33F4-4ED2-9D67-00BF3EEEAB64}.CodeAnalysisDebug|x64.Build.0 = Debug|x64
		{F3C863EC-33F4-4ED2-9D67-00BF3EEEAB64}.CodeAnalysisDebug|x86.ActiveCfg = Debug|x86
		{F3C863EC-33F4-4ED2-9D67-00BF3EEEAB64}.CodeAnalysisDebug|x86.Build.0 = Debug|x86
		{F3C863EC-33F4-4ED2-9D67-00BF3EEEAB64}.Debug|Any CPU.ActiveCfg = Debug|Any CPU
		{F3C863EC-33F4-4ED2-9D67-00BF3EEEAB64}.Debug|Any CPU.Build.0 = Debug|Any CPU
		{F3C863EC-33F4-4ED2-9D67-00BF3EEEAB64}.Debug|x64.ActiveCfg = Debug|x64
		{F3C863EC-33F4-4ED2-9D67-00BF3EEEAB64}.Debug|x64.Build.0 = Debug|x64
		{F3C863EC-33F4-4ED2-9D67-00BF3EEEAB64}.Debug|x86.ActiveCfg = Debug|x86
		{F3C863EC-33F4-4ED2-9D67-00BF3EEEAB64}.Debug|x86.Build.0 = Debug|x86
		{F3C863EC-33F4-4ED2-9D67-00BF3EEEAB64}.Release|Any CPU.ActiveCfg = Release|Any CPU
		{F3C863EC-33F4-4ED2-9D67-00BF3EEEAB64}.Release|Any CPU.Build.0 = Release|Any CPU
		{F3C863EC-33F4-4ED2-9D67-00BF3EEEAB64}.Release|x64.ActiveCfg = Release|x64
		{F3C863EC-33F4-4ED2-9D67-00BF3EEEAB64}.Release|x64.Build.0 = Release|x64
		{F3C863EC-33F4-4ED2-9D67-00BF3EEEAB64}.Release|x86.ActiveCfg = Release|x86
		{F3C863EC-33F4-4ED2-9D67-00BF3EEEAB64}.Release|x86.Build.0 = Release|x86
		{D76DB67E-E097-4F4D-898F-B9766A0E1C87}.CodeAnalysisDebug|Any CPU.ActiveCfg = Debug|Any CPU
		{D76DB67E-E097-4F4D-898F-B9766A0E1C87}.CodeAnalysisDebug|Any CPU.Build.0 = Debug|Any CPU
		{D76DB67E-E097-4F4D-898F-B9766A0E1C87}.CodeAnalysisDebug|x64.ActiveCfg = Debug|Any CPU
		{D76DB67E-E097-4F4D-898F-B9766A0E1C87}.CodeAnalysisDebug|x64.Build.0 = Debug|Any CPU
		{D76DB67E-E097-4F4D-898F-B9766A0E1C87}.CodeAnalysisDebug|x86.ActiveCfg = Debug|x86
		{D76DB67E-E097-4F4D-898F-B9766A0E1C87}.CodeAnalysisDebug|x86.Build.0 = Debug|x86
		{D76DB67E-E097-4F4D-898F-B9766A0E1C87}.Debug|Any CPU.ActiveCfg = Debug|Any CPU
		{D76DB67E-E097-4F4D-898F-B9766A0E1C87}.Debug|Any CPU.Build.0 = Debug|Any CPU
		{D76DB67E-E097-4F4D-898F-B9766A0E1C87}.Debug|x64.ActiveCfg = Debug|Any CPU
		{D76DB67E-E097-4F4D-898F-B9766A0E1C87}.Debug|x64.Build.0 = Debug|Any CPU
		{D76DB67E-E097-4F4D-898F-B9766A0E1C87}.Debug|x86.ActiveCfg = Debug|x86
		{D76DB67E-E097-4F4D-898F-B9766A0E1C87}.Debug|x86.Build.0 = Debug|x86
		{D76DB67E-E097-4F4D-898F-B9766A0E1C87}.Release|Any CPU.ActiveCfg = Release|Any CPU
		{D76DB67E-E097-4F4D-898F-B9766A0E1C87}.Release|Any CPU.Build.0 = Release|Any CPU
		{D76DB67E-E097-4F4D-898F-B9766A0E1C87}.Release|x64.ActiveCfg = Release|Any CPU
		{D76DB67E-E097-4F4D-898F-B9766A0E1C87}.Release|x64.Build.0 = Release|Any CPU
		{D76DB67E-E097-4F4D-898F-B9766A0E1C87}.Release|x86.ActiveCfg = Release|x86
		{D76DB67E-E097-4F4D-898F-B9766A0E1C87}.Release|x86.Build.0 = Release|x86
		{91214255-D1F8-4658-B431-B5BA4E7E73D3}.CodeAnalysisDebug|Any CPU.ActiveCfg = Debug|Any CPU
		{91214255-D1F8-4658-B431-B5BA4E7E73D3}.CodeAnalysisDebug|Any CPU.Build.0 = Debug|Any CPU
		{91214255-D1F8-4658-B431-B5BA4E7E73D3}.CodeAnalysisDebug|x64.ActiveCfg = Debug|Any CPU
		{91214255-D1F8-4658-B431-B5BA4E7E73D3}.CodeAnalysisDebug|x64.Build.0 = Debug|Any CPU
		{91214255-D1F8-4658-B431-B5BA4E7E73D3}.CodeAnalysisDebug|x86.ActiveCfg = Debug|Any CPU
		{91214255-D1F8-4658-B431-B5BA4E7E73D3}.CodeAnalysisDebug|x86.Build.0 = Debug|Any CPU
		{91214255-D1F8-4658-B431-B5BA4E7E73D3}.Debug|Any CPU.ActiveCfg = Debug|Any CPU
		{91214255-D1F8-4658-B431-B5BA4E7E73D3}.Debug|Any CPU.Build.0 = Debug|Any CPU
		{91214255-D1F8-4658-B431-B5BA4E7E73D3}.Debug|x64.ActiveCfg = Debug|Any CPU
		{91214255-D1F8-4658-B431-B5BA4E7E73D3}.Debug|x64.Build.0 = Debug|Any CPU
		{91214255-D1F8-4658-B431-B5BA4E7E73D3}.Debug|x86.ActiveCfg = Debug|Any CPU
		{91214255-D1F8-4658-B431-B5BA4E7E73D3}.Debug|x86.Build.0 = Debug|Any CPU
		{91214255-D1F8-4658-B431-B5BA4E7E73D3}.Release|Any CPU.ActiveCfg = Release|Any CPU
		{91214255-D1F8-4658-B431-B5BA4E7E73D3}.Release|Any CPU.Build.0 = Release|Any CPU
		{91214255-D1F8-4658-B431-B5BA4E7E73D3}.Release|x64.ActiveCfg = Release|Any CPU
		{91214255-D1F8-4658-B431-B5BA4E7E73D3}.Release|x64.Build.0 = Release|Any CPU
		{91214255-D1F8-4658-B431-B5BA4E7E73D3}.Release|x86.ActiveCfg = Release|Any CPU
		{91214255-D1F8-4658-B431-B5BA4E7E73D3}.Release|x86.Build.0 = Release|Any CPU
	EndGlobalSection
	GlobalSection(SolutionProperties) = preSolution
		HideSolutionNode = FALSE
	EndGlobalSection
	GlobalSection(NestedProjects) = preSolution
		{2E1FB0DF-F9BB-4909-9F32-2D9D022A8E57} = {3FF6D105-B7B7-4CC7-B256-BD3761478C4F}
		{B2CE24B7-FC5D-49AC-806F-1D88F78A31E9} = {3FF6D105-B7B7-4CC7-B256-BD3761478C4F}
		{31421787-1A3C-427C-A8AD-C7E2561B2956} = {3FF6D105-B7B7-4CC7-B256-BD3761478C4F}
		{AA0C00CB-8699-4F37-BFAE-40CA87ACC06D} = {3FF6D105-B7B7-4CC7-B256-BD3761478C4F}
		{F3C863EC-33F4-4ED2-9D67-00BF3EEEAB64} = {3FF6D105-B7B7-4CC7-B256-BD3761478C4F}
	EndGlobalSection
EndGlobal
